
Microsoft Visual Studio Solution File, Format Version 12.00
# Visual Studio Version 16
VisualStudioVersion = 16.0.31702.278
MinimumVisualStudioVersion = 10.0.40219.1
Project("{FAE04EC0-301F-11D3-BF4B-00C04F79EFBC}") = "MujiStore", "MujiStore\MujiStore.csproj", "{C0B15F88-F7B0-4477-B5C1-826FB0B08946}"
	ProjectSection(ProjectDependencies) = postProject
		{A6947E2A-7AA3-4CB5-8367-1958CD508C2F} = {A6947E2A-7AA3-4CB5-8367-1958CD508C2F}
	EndProjectSection
EndProject
Project("{F184B08F-C81C-45F6-A57F-5ABD9991F28F}") = "MujiVBFunction", "MujiVBFunction\MujiVBFunction.vbproj", "{A6947E2A-7AA3-4CB5-8367-1958CD508C2F}"
EndProject
Global
	GlobalSection(SolutionConfigurationPlatforms) = preSolution
		Debug|Any CPU = Debug|Any CPU
		Release|Any CPU = Release|Any CPU
	EndGlobalSection
	GlobalSection(ProjectConfigurationPlatforms) = postSolution
		{C0B15F88-F7B0-4477-B5C1-826FB0B08946}.Debug|Any CPU.ActiveCfg = Debug|Any CPU
		{C0B15F88-F7B0-4477-B5C1-826FB0B08946}.Debug|Any CPU.Build.0 = Debug|Any CPU
		{C0B15F88-F7B0-4477-B5C1-826FB0B08946}.Release|Any CPU.ActiveCfg = Release|Any CPU
		{C0B15F88-F7B0-4477-B5C1-826FB0B08946}.Release|Any CPU.Build.0 = Release|Any CPU
		{A6947E2A-7AA3-4CB5-8367-1958CD508C2F}.Debug|Any CPU.ActiveCfg = Debug|Any CPU
		{A6947E2A-7AA3-4CB5-8367-1958CD508C2F}.Debug|Any CPU.Build.0 = Debug|Any CPU
		{A6947E2A-7AA3-4CB5-8367-1958CD508C2F}.Release|Any CPU.ActiveCfg = Release|Any CPU
		{A6947E2A-7AA3-4CB5-8367-1958CD508C2F}.Release|Any CPU.Build.0 = Release|Any CPU
	EndGlobalSection
	GlobalSection(SolutionProperties) = preSolution
		HideSolutionNode = FALSE
	EndGlobalSection
	GlobalSection(ExtensibilityGlobals) = postSolution
		SolutionGuid = {A5D6D795-4CA9-44B8-B658-8DC6B794A9AE}
	EndGlobalSection
EndGlobal
