Microsoft Visual Studio Solution File, Format Version 12.00
# Visual Studio Version 16
VisualStudioVersion = 16.0.30204.135
MinimumVisualStudioVersion = 10.0.40219.1
Project("{F184B08F-C81C-45F6-A57F-5ABD9991F28F}") = "MrMAX_Wrn", "MrMAX_Wrn.vbproj", "{C530871E-702E-4607-9194-BF22D8A74D82}"
EndProject
Global
	GlobalSection(SolutionConfigurationPlatforms) = preSolution
		Debug|Any CPU = Debug|Any CPU
		Release|Any CPU = Release|Any CPU
	EndGlobalSection
	GlobalSection(ProjectConfigurationPlatforms) = postSolution
		{C530871E-702E-4607-9194-BF22D8A74D82}.Debug|Any CPU.ActiveCfg = Debug|Any CPU
		{C530871E-702E-4607-9194-BF22D8A74D82}.Debug|Any CPU.Build.0 = Debug|Any CPU
		{C530871E-702E-4607-9194-BF22D8A74D82}.Release|Any CPU.ActiveCfg = Release|Any CPU
		{C530871E-702E-4607-9194-BF22D8A74D82}.Release|Any CPU.Build.0 = Release|Any CPU
	EndGlobalSection
	GlobalSection(SolutionProperties) = preSolution
		HideSolutionNode = FALSE
	EndGlobalSection
	GlobalSection(ExtensibilityGlobals) = postSolution
		SolutionGuid = {083AF50C-DC21-4261-9BB8-720B66B071B2}
	EndGlobalSection
EndGlobal
