Microsoft Visual Studio Solution File, Format Version 12.00
# Visual Studio Version 16
VisualStudioVersion = 16.0.30204.135
MinimumVisualStudioVersion = 10.0.40219.1
Project("{F184B08F-C81C-45F6-A57F-5ABD9991F28F}") = "MrMAX_Mtr", "MrMAX_Mtr.vbproj", "{7DF59208-4C4F-463F-84F0-45E59FF5AC8B}"
EndProject
Global
	GlobalSection(SolutionConfigurationPlatforms) = preSolution
		Debug|Any CPU = Debug|Any CPU
		Release|Any CPU = Release|Any CPU
	EndGlobalSection
	GlobalSection(ProjectConfigurationPlatforms) = postSolution
		{7DF59208-4C4F-463F-84F0-45E59FF5AC8B}.Debug|Any CPU.ActiveCfg = Debug|Any CPU
		{7DF59208-4C4F-463F-84F0-45E59FF5AC8B}.Debug|Any CPU.Build.0 = Debug|Any CPU
		{7DF59208-4C4F-463F-84F0-45E59FF5AC8B}.Release|Any CPU.ActiveCfg = Release|Any CPU
		{7DF59208-4C4F-463F-84F0-45E59FF5AC8B}.Release|Any CPU.Build.0 = Release|Any CPU
	EndGlobalSection
	GlobalSection(SolutionProperties) = preSolution
		HideSolutionNode = FALSE
	EndGlobalSection
	GlobalSection(ExtensibilityGlobals) = postSolution
		SolutionGuid = {458C33B9-B8C5-4835-8C83-04646F79AE1C}
	EndGlobalSection
EndGlobal
