Microsoft Visual Studio Solution File, Format Version 12.00
# Visual Studio 15
VisualStudioVersion = 15.0.28307.852
MinimumVisualStudioVersion = 10.0.40219.1
Project("{F184B08F-C81C-45F6-A57F-5ABD9991F28F}") = "MrMax_Import", "MrMax_Import.vbproj", "{B9C10B75-CF0E-4A53-BED6-867083A0B1FE}"
EndProject
Global
	GlobalSection(SolutionConfigurationPlatforms) = preSolution
		Debug|Any CPU = Debug|Any CPU
		Release|Any CPU = Release|Any CPU
	EndGlobalSection
	GlobalSection(ProjectConfigurationPlatforms) = postSolution
		{B9C10B75-CF0E-4A53-BED6-867083A0B1FE}.Debug|Any CPU.ActiveCfg = Debug|Any CPU
		{B9C10B75-CF0E-4A53-BED6-867083A0B1FE}.Debug|Any CPU.Build.0 = Debug|Any CPU
		{B9C10B75-CF0E-4A53-BED6-867083A0B1FE}.Release|Any CPU.ActiveCfg = Release|Any CPU
		{B9C10B75-CF0E-4A53-BED6-867083A0B1FE}.Release|Any CPU.Build.0 = Release|Any CPU
	EndGlobalSection
	GlobalSection(SolutionProperties) = preSolution
		HideSolutionNode = FALSE
	EndGlobalSection
	GlobalSection(ExtensibilityGlobals) = postSolution
		SolutionGuid = {B5F8236A-D70A-48FC-8011-E0540ADAE81B}
	EndGlobalSection
EndGlobal
