Microsoft Visual Studio Solution File, Format Version 8.00
Project("{F184B08F-C81C-45F6-A57F-5ABD9991F28F}") = "Kuroganeya_REP", "Kuroganeya_REP.vbproj", "{23B49375-855B-44B6-B841-62D27861AAEF}"
	ProjectSection(ProjectDependencies) = postProject
	EndProjectSection
EndProject
Global
	GlobalSection(SolutionConfiguration) = preSolution
		Debug = Debug
		Release = Release
	EndGlobalSection
	GlobalSection(ProjectConfiguration) = postSolution
		{23B49375-855B-44B6-B841-62D27861AAEF}.Debug.ActiveCfg = Debug|.NET
		{23B49375-855B-44B6-B841-62D27861AAEF}.Debug.Build.0 = Debug|.NET
		{23B49375-855B-44B6-B841-62D27861AAEF}.Release.ActiveCfg = Release|.NET
		{23B49375-855B-44B6-B841-62D27861AAEF}.Release.Build.0 = Release|.NET
	EndGlobalSection
	GlobalSection(ExtensibilityGlobals) = postSolution
	EndGlobalSection
	GlobalSection(ExtensibilityAddIns) = postSolution
	EndGlobalSection
EndGlobal
