Microsoft Visual Studio Solution File, Format Version 12.00
# Visual Studio Version 16
VisualStudioVersion = 16.0.30309.148
MinimumVisualStudioVersion = 10.0.40219.1
Project("{F184B08F-C81C-45F6-A57F-5ABD9991F28F}") = "Kuroganeya_REP", "Kuroganeya_REP.vbproj", "{23B49375-855B-44B6-B841-62D27861AAEF}"
EndProject
Project("{54435603-DBB4-11D2-8724-00A0C9A8B90C}") = "Setup_Kuroganeya_REP", "..\Setup_Kuroganeya_REP\Setup_Kuroganeya_REP.vdproj", "{B73524AB-4BD0-47F4-A49C-08AC0BE9560B}"
EndProject
Global
	GlobalSection(SolutionConfigurationPlatforms) = preSolution
		Debug|Any CPU = Debug|Any CPU
		Release|Any CPU = Release|Any CPU
	EndGlobalSection
	GlobalSection(ProjectConfigurationPlatforms) = postSolution
		{23B49375-855B-44B6-B841-62D27861AAEF}.Debug|Any CPU.ActiveCfg = Debug|Any CPU
		{23B49375-855B-44B6-B841-62D27861AAEF}.Debug|Any CPU.Build.0 = Debug|Any CPU
		{23B49375-855B-44B6-B841-62D27861AAEF}.Release|Any CPU.ActiveCfg = Release|Any CPU
		{23B49375-855B-44B6-B841-62D27861AAEF}.Release|Any CPU.Build.0 = Release|Any CPU
		{B73524AB-4BD0-47F4-A49C-08AC0BE9560B}.Debug|Any CPU.ActiveCfg = Debug
		{B73524AB-4BD0-47F4-A49C-08AC0BE9560B}.Release|Any CPU.ActiveCfg = Release
	EndGlobalSection
	GlobalSection(SolutionProperties) = preSolution
		HideSolutionNode = FALSE
	EndGlobalSection
	GlobalSection(ExtensibilityGlobals) = postSolution
		SolutionGuid = {79B4370D-8A2D-42CB-8DE5-E04D6687D7DC}
	EndGlobalSection
EndGlobal
